{
  "version": 4,
  "terraform_version": "1.15.5",
  "serial": 20,
  "lineage": "33db337c-5aed-e6f7-cb26-7522fc6f7e7d",
  "outputs": {
    "dynamodb_storage_add_pc4_name": {
      "value": "storage-add-PC4",
      "type": "string"
    },
    "dynamodb_tabla_pc4_name": {
      "value": "tabla-PC4",
      "type": "string"
    },
    "kinesis_stream_arn": {
      "value": "arn:aws:kinesis:us-east-1:649516146671:stream/broker-PC4",
      "type": "string"
    },
    "kinesis_stream_name": {
      "value": "broker-PC4",
      "type": "string"
    },
    "lambda_function_name": {
      "value": "consumer-PC4",
      "type": "string"
    },
    "lambda_role_arn": {
      "value": "arn:aws:iam::649516146671:role/LabRole",
      "type": "string"
    },
    "sqs_dlq_url": {
      "value": "https://sqs.us-east-1.amazonaws.com/649516146671/dlq-lambda-PC4",
      "type": "string"
    }
  },
  "resources": [
    {
      "mode": "data",
      "type": "archive_file",
      "name": "lambda_zip",
      "provider": "provider[\"registry.terraform.io/hashicorp/archive\"]",
      "instances": [
        {
          "schema_version": 0,
          "attributes": {
            "exclude_symlink_directories": null,
            "excludes": null,
            "id": "61e94c9d6980b1134dafa7eb9e2859147c385fda",
            "output_base64sha256": "/mSimBdqpPiOtaCmo5MRVaGFXPp1yCdOYYFF5DB+yTs=",
            "output_base64sha512": "invq0mtdM31z67VpCOx6ztjUXhU/wguhQcu0XPhPIh76vVwHk9Bh+r5p7ESc/fKTArkuYkTlbLTm9xTZRnA3rA==",
            "output_file_mode": null,
            "output_md5": "98253a0fe47dc6139233f3cd186f024b",
            "output_path": "./lambda_consumer.zip",
            "output_sha": "61e94c9d6980b1134dafa7eb9e2859147c385fda",
            "output_sha256": "fe64a298176aa4f88eb5a0a6a3931155a1855cfa75c8274e618145e4307ec93b",
            "output_sha512": "8a7bead26b5d337d73ebb56908ec7aced8d45e153fc20ba141cbb45cf84f221efabd5c0793d061fabe69ec449cfdf29302b92e6244e56cb4e6f714d9467037ac",
            "output_size": 2110,
            "source": [],
            "source_content": null,
            "source_content_filename": null,
            "source_dir": null,
            "source_file": "./../lambda/practica_consumer_kinesis.py",
            "type": "zip"
          },
          "sensitive_attributes": [],
          "identity_schema_version": 0
        }
      ]
    },
    {
      "mode": "data",
      "type": "aws_iam_role",
      "name": "lab_role",
      "provider": "provider[\"registry.terraform.io/hashicorp/aws\"]",
      "instances": [
        {
          "schema_version": 0,
          "attributes": {
            "arn": "arn:aws:iam::649516146671:role/LabRole",
            "assume_role_policy": "{\"Version\":\"2012-10-17\",\"Statement\":[{\"Effect\":\"Allow\",\"Principal\":{\"AWS\":\"arn:aws:iam::649516146671:role/LabRole\",\"Service\":[\"servicecatalog.amazonaws.com\",\"pipes.amazonaws.com\",\"kinesisanalytics.amazonaws.com\",\"kinesis.amazonaws.com\",\"rds.amazonaws.com\",\"events.amazonaws.com\",\"databrew.amazonaws.com\",\"backup.amazonaws.com\",\"application-autoscaling.amazonaws.com\",\"states.amazonaws.com\",\"s3.amazonaws.com\",\"sns.amazonaws.com\",\"ec2.application-autoscaling.amazonaws.com\",\"elasticloadbalancing.amazonaws.com\",\"resource-groups.amazonaws.com\",\"batch.amazonaws.com\",\"elasticfilesystem.amazonaws.com\",\"iot.amazonaws.com\",\"scheduler.amazonaws.com\",\"ecs-tasks.amazonaws.com\",\"rekognition.amazonaws.com\",\"autoscaling.amazonaws.com\",\"apigateway.amazonaws.com\",\"credentials.iot.amazonaws.com\",\"athena.amazonaws.com\",\"lambda.amazonaws.com\",\"forecast.amazonaws.com\",\"ec2.amazonaws.com\",\"secretsmanager.amazonaws.com\",\"codedeploy.amazonaws.com\",\"codewhisperer.amazonaws.com\",\"eks.amazonaws.com\",\"sqs.amazonaws.com\",\"ecs.amazonaws.com\",\"elasticbeanstalk.amazonaws.com\",\"cloud9.amazonaws.com\",\"redshift.amazonaws.com\",\"cloudformation.amazonaws.com\",\"iotevents.amazonaws.com\",\"iotanalytics.amazonaws.com\",\"codecommit.amazonaws.com\",\"sagemaker.amazonaws.com\",\"ssm.amazonaws.com\",\"kms.amazonaws.com\",\"cognito-idp.amazonaws.com\",\"logs.amazonaws.com\",\"firehose.amazonaws.com\",\"eks-fargate-pods.amazonaws.com\",\"deepracer.amazonaws.com\",\"dynamodb.amazonaws.com\",\"cloudtrail.amazonaws.com\",\"elasticmapreduce.amazonaws.com\",\"glue.amazonaws.com\"]},\"Action\":\"sts:AssumeRole\"}]}",
            "create_date": "2026-06-05T09:49:19Z",
            "description": "",
            "id": "LabRole",
            "max_session_duration": 3600,
            "name": "LabRole",
            "path": "/",
            "permissions_boundary": "",
            "role_last_used": [
              {
                "last_used_date": "",
                "region": ""
              }
            ],
            "tags": {
              "cloudlab": "c215655a5446959l15418375t1w649516146671"
            },
            "unique_id": "AROAZOORN37XUUBSTIKBB"
          },
          "sensitive_attributes": [],
          "identity_schema_version": 0
        }
      ]
    },
    {
      "mode": "managed",
      "type": "aws_dynamodb_table",
      "name": "storage_add_pc4",
      "provider": "provider[\"registry.terraform.io/hashicorp/aws\"]",
      "instances": [
        {
          "schema_version": 1,
          "attributes": {
            "arn": "arn:aws:dynamodb:us-east-1:649516146671:table/storage-add-PC4",
            "attribute": [
              {
                "name": "symbol",
                "type": "S"
              }
            ],
            "billing_mode": "PAY_PER_REQUEST",
            "deletion_protection_enabled": false,
            "global_secondary_index": [],
            "hash_key": "symbol",
            "id": "storage-add-PC4",
            "import_table": [],
            "local_secondary_index": [],
            "name": "storage-add-PC4",
            "on_demand_throughput": [],
            "point_in_time_recovery": [
              {
                "enabled": false,
                "recovery_period_in_days": 0
              }
            ],
            "range_key": null,
            "read_capacity": 0,
            "replica": [],
            "restore_date_time": null,
            "restore_source_name": null,
            "restore_source_table_arn": null,
            "restore_to_latest_time": null,
            "server_side_encryption": [],
            "stream_arn": "",
            "stream_enabled": false,
            "stream_label": "",
            "stream_view_type": "",
            "table_class": "STANDARD",
            "tags": {
              "Description": "Aggregated trades by symbol and time window",
              "Environment": "dev",
              "Name": "storage-add-PC4"
            },
            "tags_all": {
              "Description": "Aggregated trades by symbol and time window",
              "Environment": "dev",
              "Name": "storage-add-PC4"
            },
            "timeouts": null,
            "ttl": [
              {
                "attribute_name": "",
                "enabled": false
              }
            ],
            "write_capacity": 0
          },
          "sensitive_attributes": [],
          "identity_schema_version": 0,
          "private": "eyJlMmJmYjczMC1lY2FhLTExZTYtOGY4OC0zNDM2M2JjN2M0YzAiOnsiY3JlYXRlIjoxODAwMDAwMDAwMDAwLCJkZWxldGUiOjYwMDAwMDAwMDAwMCwidXBkYXRlIjozNjAwMDAwMDAwMDAwfSwic2NoZW1hX3ZlcnNpb24iOiIxIn0="
        }
      ]
    },
    {
      "mode": "managed",
      "type": "aws_dynamodb_table",
      "name": "tabla_pc4",
      "provider": "provider[\"registry.terraform.io/hashicorp/aws\"]",
      "instances": [
        {
          "schema_version": 1,
          "attributes": {
            "arn": "arn:aws:dynamodb:us-east-1:649516146671:table/tabla-PC4",
            "attribute": [
              {
                "name": "exchange_ts",
                "type": "S"
              },
              {
                "name": "symbol",
                "type": "S"
              }
            ],
            "billing_mode": "PAY_PER_REQUEST",
            "deletion_protection_enabled": false,
            "global_secondary_index": [],
            "hash_key": "symbol",
            "id": "tabla-PC4",
            "import_table": [],
            "local_secondary_index": [],
            "name": "tabla-PC4",
            "on_demand_throughput": [],
            "point_in_time_recovery": [
              {
                "enabled": false,
                "recovery_period_in_days": 0
              }
            ],
            "range_key": "exchange_ts",
            "read_capacity": 0,
            "replica": [],
            "restore_date_time": null,
            "restore_source_name": null,
            "restore_source_table_arn": null,
            "restore_to_latest_time": null,
            "server_side_encryption": [],
            "stream_arn": "",
            "stream_enabled": false,
            "stream_label": "",
            "stream_view_type": "",
            "table_class": "STANDARD",
            "tags": {
              "Description": "Filtered trades - high value or aggressive sells",
              "Environment": "dev",
              "Name": "tabla-PC4"
            },
            "tags_all": {
              "Description": "Filtered trades - high value or aggressive sells",
              "Environment": "dev",
              "Name": "tabla-PC4"
            },
            "timeouts": null,
            "ttl": [
              {
                "attribute_name": "",
                "enabled": false
              }
            ],
            "write_capacity": 0
          },
          "sensitive_attributes": [],
          "identity_schema_version": 0,
          "private": "eyJlMmJmYjczMC1lY2FhLTExZTYtOGY4OC0zNDM2M2JjN2M0YzAiOnsiY3JlYXRlIjoxODAwMDAwMDAwMDAwLCJkZWxldGUiOjYwMDAwMDAwMDAwMCwidXBkYXRlIjozNjAwMDAwMDAwMDAwfSwic2NoZW1hX3ZlcnNpb24iOiIxIn0="
        }
      ]
    },
    {
      "mode": "managed",
      "type": "aws_kinesis_stream",
      "name": "broker",
      "provider": "provider[\"registry.terraform.io/hashicorp/aws\"]",
      "instances": [
        {
          "schema_version": 1,
          "attributes": {
            "arn": "arn:aws:kinesis:us-east-1:649516146671:stream/broker-PC4",
            "encryption_type": "NONE",
            "enforce_consumer_deletion": false,
            "id": "arn:aws:kinesis:us-east-1:649516146671:stream/broker-PC4",
            "kms_key_id": "",
            "name": "broker-PC4",
            "retention_period": 24,
            "shard_count": 0,
            "shard_level_metrics": [],
            "stream_mode_details": [
              {
                "stream_mode": "ON_DEMAND"
              }
            ],
            "tags": {
              "Environment": "dev",
              "Name": "broker-PC4"
            },
            "tags_all": {
              "Environment": "dev",
              "Name": "broker-PC4"
            },
            "timeouts": null
          },
          "sensitive_attributes": [],
          "identity_schema_version": 0,
          "private": "eyJlMmJmYjczMC1lY2FhLTExZTYtOGY4OC0zNDM2M2JjN2M0YzAiOnsiY3JlYXRlIjozMDAwMDAwMDAwMDAsImRlbGV0ZSI6NzIwMDAwMDAwMDAwMCwidXBkYXRlIjo3MjAwMDAwMDAwMDAwfSwic2NoZW1hX3ZlcnNpb24iOiIxIn0="
        }
      ]
    },
    {
      "mode": "managed",
      "type": "aws_lambda_event_source_mapping",
      "name": "kinesis_to_lambda",
      "provider": "provider[\"registry.terraform.io/hashicorp/aws\"]",
      "instances": [
        {
          "schema_version": 0,
          "attributes": {
            "amazon_managed_kafka_event_source_config": [],
            "arn": "arn:aws:lambda:us-east-1:649516146671:event-source-mapping:b22dfc64-b428-4b1d-a2eb-a4601b790d93",
            "batch_size": 100,
            "bisect_batch_on_function_error": false,
            "destination_config": [
              {
                "on_failure": [
                  {
                    "destination_arn": "arn:aws:sqs:us-east-1:649516146671:dlq-lambda-PC4"
                  }
                ]
              }
            ],
            "document_db_event_source_config": [],
            "enabled": true,
            "event_source_arn": "arn:aws:kinesis:us-east-1:649516146671:stream/broker-PC4",
            "filter_criteria": [],
            "function_arn": "arn:aws:lambda:us-east-1:649516146671:function:consumer-PC4",
            "function_name": "arn:aws:lambda:us-east-1:649516146671:function:consumer-PC4",
            "function_response_types": [
              "ReportBatchItemFailures"
            ],
            "id": "b22dfc64-b428-4b1d-a2eb-a4601b790d93",
            "kms_key_arn": "",
            "last_modified": "2026-06-05T11:21:00Z",
            "last_processing_result": "No records processed",
            "maximum_batching_window_in_seconds": 5,
            "maximum_record_age_in_seconds": -1,
            "maximum_retry_attempts": -1,
            "metrics_config": [],
            "parallelization_factor": 1,
            "provisioned_poller_config": [],
            "queues": null,
            "scaling_config": [],
            "self_managed_event_source": [],
            "self_managed_kafka_event_source_config": [],
            "source_access_configuration": [],
            "starting_position": "LATEST",
            "starting_position_timestamp": "",
            "state": "Enabled",
            "state_transition_reason": "User action",
            "tags": null,
            "tags_all": {},
            "topics": null,
            "tumbling_window_in_seconds": 0,
            "uuid": "b22dfc64-b428-4b1d-a2eb-a4601b790d93"
          },
          "sensitive_attributes": [],
          "identity_schema_version": 0,
          "private": "bnVsbA==",
          "dependencies": [
            "aws_kinesis_stream.broker",
            "aws_lambda_function.consumer_pc4",
            "aws_sqs_queue.dlq_lambda_pc4",
            "data.archive_file.lambda_zip",
            "data.aws_iam_role.lab_role"
          ]
        }
      ]
    },
    {
      "mode": "managed",
      "type": "aws_lambda_function",
      "name": "consumer_pc4",
      "provider": "provider[\"registry.terraform.io/hashicorp/aws\"]",
      "instances": [
        {
          "schema_version": 0,
          "attributes": {
            "architectures": [
              "x86_64"
            ],
            "arn": "arn:aws:lambda:us-east-1:649516146671:function:consumer-PC4",
            "code_sha256": "/mSimBdqpPiOtaCmo5MRVaGFXPp1yCdOYYFF5DB+yTs=",
            "code_signing_config_arn": "",
            "dead_letter_config": [],
            "description": "",
            "environment": [
              {
                "variables": {
                  "DLQ_QUEUE_URL": "https://sqs.us-east-1.amazonaws.com/649516146671/dlq-lambda-PC4",
                  "KINESIS_STREAM_NAME": "broker-PC4"
                }
              }
            ],
            "ephemeral_storage": [
              {
                "size": 512
              }
            ],
            "file_system_config": [],
            "filename": "./lambda_consumer.zip",
            "function_name": "consumer-PC4",
            "handler": "index.lambda_handler",
            "id": "consumer-PC4",
            "image_config": [],
            "image_uri": "",
            "invoke_arn": "arn:aws:apigateway:us-east-1:lambda:path/2015-03-31/functions/arn:aws:lambda:us-east-1:649516146671:function:consumer-PC4/invocations",
            "kms_key_arn": "",
            "last_modified": "2026-06-05T11:21:17.893+0000",
            "layers": null,
            "logging_config": [
              {
                "application_log_level": "",
                "log_format": "Text",
                "log_group": "/aws/lambda/consumer-PC4",
                "system_log_level": ""
              }
            ],
            "memory_size": 256,
            "package_type": "Zip",
            "publish": false,
            "qualified_arn": "arn:aws:lambda:us-east-1:649516146671:function:consumer-PC4:$LATEST",
            "qualified_invoke_arn": "arn:aws:apigateway:us-east-1:lambda:path/2015-03-31/functions/arn:aws:lambda:us-east-1:649516146671:function:consumer-PC4:$LATEST/invocations",
            "replace_security_groups_on_destroy": null,
            "replacement_security_group_ids": null,
            "reserved_concurrent_executions": -1,
            "role": "arn:aws:iam::649516146671:role/LabRole",
            "runtime": "python3.11",
            "s3_bucket": null,
            "s3_key": null,
            "s3_object_version": null,
            "signing_job_arn": "",
            "signing_profile_version_arn": "",
            "skip_destroy": false,
            "snap_start": [],
            "source_code_hash": "/mSimBdqpPiOtaCmo5MRVaGFXPp1yCdOYYFF5DB+yTs=",
            "source_code_size": 2110,
            "tags": {
              "Environment": "dev",
              "Name": "consumer-PC4"
            },
            "tags_all": {
              "Environment": "dev",
              "Name": "consumer-PC4"
            },
            "timeout": 60,
            "timeouts": null,
            "tracing_config": [
              {
                "mode": "PassThrough"
              }
            ],
            "version": "$LATEST",
            "vpc_config": []
          },
          "sensitive_attributes": [],
          "identity_schema_version": 0,
          "private": "eyJlMmJmYjczMC1lY2FhLTExZTYtOGY4OC0zNDM2M2JjN2M0YzAiOnsiY3JlYXRlIjo2MDAwMDAwMDAwMDAsImRlbGV0ZSI6NjAwMDAwMDAwMDAwLCJ1cGRhdGUiOjYwMDAwMDAwMDAwMH19",
          "dependencies": [
            "aws_kinesis_stream.broker",
            "aws_sqs_queue.dlq_lambda_pc4",
            "data.archive_file.lambda_zip",
            "data.aws_iam_role.lab_role"
          ]
        }
      ]
    },
    {
      "mode": "managed",
      "type": "aws_sqs_queue",
      "name": "dlq_lambda_pc4",
      "provider": "provider[\"registry.terraform.io/hashicorp/aws\"]",
      "instances": [
        {
          "schema_version": 0,
          "attributes": {
            "arn": "arn:aws:sqs:us-east-1:649516146671:dlq-lambda-PC4",
            "content_based_deduplication": false,
            "deduplication_scope": "",
            "delay_seconds": 0,
            "fifo_queue": false,
            "fifo_throughput_limit": "",
            "id": "https://sqs.us-east-1.amazonaws.com/649516146671/dlq-lambda-PC4",
            "kms_data_key_reuse_period_seconds": 300,
            "kms_master_key_id": "",
            "max_message_size": 262144,
            "message_retention_seconds": 1209600,
            "name": "dlq-lambda-PC4",
            "name_prefix": "",
            "policy": "",
            "receive_wait_time_seconds": 0,
            "redrive_allow_policy": "",
            "redrive_policy": "",
            "sqs_managed_sse_enabled": true,
            "tags": {
              "Description": "Dead Letter Queue for Lambda errors",
              "Environment": "dev",
              "Name": "dlq-lambda-PC4"
            },
            "tags_all": {
              "Description": "Dead Letter Queue for Lambda errors",
              "Environment": "dev",
              "Name": "dlq-lambda-PC4"
            },
            "timeouts": null,
            "url": "https://sqs.us-east-1.amazonaws.com/649516146671/dlq-lambda-PC4",
            "visibility_timeout_seconds": 30
          },
          "sensitive_attributes": [],
          "identity_schema_version": 0,
          "private": "eyJlMmJmYjczMC1lY2FhLTExZTYtOGY4OC0zNDM2M2JjN2M0YzAiOnsiY3JlYXRlIjoxODAwMDAwMDAwMDAsImRlbGV0ZSI6MTgwMDAwMDAwMDAwLCJ1cGRhdGUiOjE4MDAwMDAwMDAwMH19"
        }
      ]
    }
  ],
  "check_results": null
}
